
Microsoft Visual Studio Solution File, Format Version 12.00
# Visual Studio Version 17
VisualStudioVersion = 17.0.31903.59
MinimumVisualStudioVersion = 10.0.40219.1
Project("{FAE04EC0-301F-11D3-BF4B-00C04F79EFBC}") = "task07", "task07\task07.csproj", "{6F2652C8-DE8E-4355-A1F4-0FBFDAC346F7}"
EndProject
Project("{FAE04EC0-301F-11D3-BF4B-00C04F79EFBC}") = "task07tests", "task07tests\task07tests.csproj", "{BA59C544-E7BE-4787-B985-0EBD8DC2FB76}"
EndProject
Global
	GlobalSection(SolutionConfigurationPlatforms) = preSolution
		Debug|Any CPU = Debug|Any CPU
		Release|Any CPU = Release|Any CPU
	EndGlobalSection
	GlobalSection(SolutionProperties) = preSolution
		HideSolutionNode = FALSE
	EndGlobalSection
	GlobalSection(ProjectConfigurationPlatforms) = postSolution
		{6F2652C8-DE8E-4355-A1F4-0FBFDAC346F7}.Debug|Any CPU.ActiveCfg = Debug|Any CPU
		{6F2652C8-DE8E-4355-A1F4-0FBFDAC346F7}.Debug|Any CPU.Build.0 = Debug|Any CPU
		{6F2652C8-DE8E-4355-A1F4-0FBFDAC346F7}.Release|Any CPU.ActiveCfg = Release|Any CPU
		{6F2652C8-DE8E-4355-A1F4-0FBFDAC346F7}.Release|Any CPU.Build.0 = Release|Any CPU
		{BA59C544-E7BE-4787-B985-0EBD8DC2FB76}.Debug|Any CPU.ActiveCfg = Debug|Any CPU
		{BA59C544-E7BE-4787-B985-0EBD8DC2FB76}.Debug|Any CPU.Build.0 = Debug|Any CPU
		{BA59C544-E7BE-4787-B985-0EBD8DC2FB76}.Release|Any CPU.ActiveCfg = Release|Any CPU
		{BA59C544-E7BE-4787-B985-0EBD8DC2FB76}.Release|Any CPU.Build.0 = Release|Any CPU
	EndGlobalSection
EndGlobal
