
Microsoft Visual Studio Solution File, Format Version 12.00
# Visual Studio Version 17
VisualStudioVersion = 17.0.31903.59
MinimumVisualStudioVersion = 10.0.40219.1
Project("{FAE04EC0-301F-11D3-BF4B-00C04F79EFBC}") = "task03", "task03\task03.csproj", "{2574019F-128B-473C-AC3D-09CFF43E481C}"
EndProject
Project("{FAE04EC0-301F-11D3-BF4B-00C04F79EFBC}") = "task03tests", "task03tests\task03tests.csproj", "{95F34D1B-CD1A-460C-BD30-C052077FF086}"
EndProject
Global
	GlobalSection(SolutionConfigurationPlatforms) = preSolution
		Debug|Any CPU = Debug|Any CPU
		Release|Any CPU = Release|Any CPU
	EndGlobalSection
	GlobalSection(SolutionProperties) = preSolution
		HideSolutionNode = FALSE
	EndGlobalSection
	GlobalSection(ProjectConfigurationPlatforms) = postSolution
		{2574019F-128B-473C-AC3D-09CFF43E481C}.Debug|Any CPU.ActiveCfg = Debug|Any CPU
		{2574019F-128B-473C-AC3D-09CFF43E481C}.Debug|Any CPU.Build.0 = Debug|Any CPU
		{2574019F-128B-473C-AC3D-09CFF43E481C}.Release|Any CPU.ActiveCfg = Release|Any CPU
		{2574019F-128B-473C-AC3D-09CFF43E481C}.Release|Any CPU.Build.0 = Release|Any CPU
		{95F34D1B-CD1A-460C-BD30-C052077FF086}.Debug|Any CPU.ActiveCfg = Debug|Any CPU
		{95F34D1B-CD1A-460C-BD30-C052077FF086}.Debug|Any CPU.Build.0 = Debug|Any CPU
		{95F34D1B-CD1A-460C-BD30-C052077FF086}.Release|Any CPU.ActiveCfg = Release|Any CPU
		{95F34D1B-CD1A-460C-BD30-C052077FF086}.Release|Any CPU.Build.0 = Release|Any CPU
	EndGlobalSection
EndGlobal
