Microsoft Visual Studio Solution File, Format Version 12.00
# Visual Studio Version 17
VisualStudioVersion = 17.5.2.0
MinimumVisualStudioVersion = 10.0.40219.1
Project("{FAE04EC0-301F-11D3-BF4B-00C04F79EFBC}") = "task11tests", "task11tests.csproj", "{D645B991-73B9-1206-E919-D73716676BA3}"
EndProject
Global
	GlobalSection(SolutionConfigurationPlatforms) = preSolution
		Debug|Any CPU = Debug|Any CPU
		Release|Any CPU = Release|Any CPU
	EndGlobalSection
	GlobalSection(ProjectConfigurationPlatforms) = postSolution
		{D645B991-73B9-1206-E919-D73716676BA3}.Debug|Any CPU.ActiveCfg = Debug|Any CPU
		{D645B991-73B9-1206-E919-D73716676BA3}.Debug|Any CPU.Build.0 = Debug|Any CPU
		{D645B991-73B9-1206-E919-D73716676BA3}.Release|Any CPU.ActiveCfg = Release|Any CPU
		{D645B991-73B9-1206-E919-D73716676BA3}.Release|Any CPU.Build.0 = Release|Any CPU
	EndGlobalSection
	GlobalSection(SolutionProperties) = preSolution
		HideSolutionNode = FALSE
	EndGlobalSection
	GlobalSection(ExtensibilityGlobals) = postSolution
		SolutionGuid = {3C8B285D-EBE9-4236-8720-07946370D68F}
	EndGlobalSection
EndGlobal
